
Microsoft Visual Studio Solution File, Format Version 12.00
# Visual Studio 14
VisualStudioVersion = 14.0.24720.0
MinimumVisualStudioVersion = 10.0.40219.1
Project("{FAE04EC0-301F-11D3-BF4B-00C04F79EFBC}") = "NETLIB", "NETLIB\NETLIB.csproj", "{4CF62175-4C8F-43D8-B5DD-19B48B038040}"
EndProject
Project("{FAE04EC0-301F-11D3-BF4B-00C04F79EFBC}") = "Crypt", "Crypt\Crypt.csproj", "{CDE0CDDD-93A7-494E-9879-DBC2AAA93D8D}"
EndProject
Project("{2150E333-8FDC-42A3-9474-1A3956D46DE8}") = "Documentation", "Documentation", "{19C392E1-4853-4DA8-8F24-04ACB72DF0E2}"
	ProjectSection(SolutionItems) = preProject
		Documentation.chm = Documentation.chm
	EndProjectSection
EndProject
Global
	GlobalSection(SolutionConfigurationPlatforms) = preSolution
		Debug|Any CPU = Debug|Any CPU
		Release|Any CPU = Release|Any CPU
	EndGlobalSection
	GlobalSection(ProjectConfigurationPlatforms) = postSolution
		{4CF62175-4C8F-43D8-B5DD-19B48B038040}.Debug|Any CPU.ActiveCfg = Debug|Any CPU
		{4CF62175-4C8F-43D8-B5DD-19B48B038040}.Debug|Any CPU.Build.0 = Debug|Any CPU
		{4CF62175-4C8F-43D8-B5DD-19B48B038040}.Release|Any CPU.ActiveCfg = Release|Any CPU
		{4CF62175-4C8F-43D8-B5DD-19B48B038040}.Release|Any CPU.Build.0 = Release|Any CPU
		{CDE0CDDD-93A7-494E-9879-DBC2AAA93D8D}.Debug|Any CPU.ActiveCfg = Debug|Any CPU
		{CDE0CDDD-93A7-494E-9879-DBC2AAA93D8D}.Debug|Any CPU.Build.0 = Debug|Any CPU
		{CDE0CDDD-93A7-494E-9879-DBC2AAA93D8D}.Release|Any CPU.ActiveCfg = Release|Any CPU
		{CDE0CDDD-93A7-494E-9879-DBC2AAA93D8D}.Release|Any CPU.Build.0 = Release|Any CPU
	EndGlobalSection
	GlobalSection(SolutionProperties) = preSolution
		HideSolutionNode = FALSE
	EndGlobalSection
EndGlobal
